github.com/ErmakovDmitry/math-utils v1.0.1 h1:TwS45F7nnkMbOnGdZXUYSeR9vjdZ8VuhMdNdVfA6w4A=
github.com/ErmakovDmitry/math-utils v1.0.1/go.mod h1:a5n3ZTa7W9kj+r+VhyPF/KroAUESOdcrovjquKqf8EA=
github.com/ErmakovDmitry/math-utils v1.0.2 h1:JBccLnpsVFyxpmx3divvChJf2CVdvHzBmmpv58qlARU=
github.com/ErmakovDmitry/math-utils v1.0.2/go.mod h1:a5n3ZTa7W9kj+r+VhyPF/KroAUESOdcrovjquKqf8EA=
github.com/ErmakovDmitry/math-utils v1.0.3 h1:ayEPTeVNJ5yiATNHRPUMM7znC4NquEd9s5gOK0xIZWw=
github.com/ErmakovDmitry/math-utils v1.0.3/go.mod h1:a5n3ZTa7W9kj+r+VhyPF/KroAUESOdcrovjquKqf8EA=
